
Microsoft Visual Studio Solution File, Format Version 12.00
# Visual Studio 15
VisualStudioVersion = 15.0.28307.572
MinimumVisualStudioVersion = 10.0.40219.1
Project("{FAE04EC0-301F-11D3-BF4B-00C04F79EFBC}") = "MarsRoverKata", "MarsRoverKata\MarsRoverKata.csproj", "{FC0D7EDE-7F21-4467-AF71-B5ADC2F27DCD}"
EndProject
Project("{FAE04EC0-301F-11D3-BF4B-00C04F79EFBC}") = "MarsRoverKataTests", "MarsRoverKataTests\MarsRoverKataTests.csproj", "{83CD7FF6-9666-4037-A0FA-CF193A5CA849}"
EndProject
Global
	GlobalSection(SolutionConfigurationPlatforms) = preSolution
		Debug|Any CPU = Debug|Any CPU
		Release|Any CPU = Release|Any CPU
	EndGlobalSection
	GlobalSection(ProjectConfigurationPlatforms) = postSolution
		{FC0D7EDE-7F21-4467-AF71-B5ADC2F27DCD}.Debug|Any CPU.ActiveCfg = Debug|Any CPU
		{FC0D7EDE-7F21-4467-AF71-B5ADC2F27DCD}.Debug|Any CPU.Build.0 = Debug|Any CPU
		{FC0D7EDE-7F21-4467-AF71-B5ADC2F27DCD}.Release|Any CPU.ActiveCfg = Release|Any CPU
		{FC0D7EDE-7F21-4467-AF71-B5ADC2F27DCD}.Release|Any CPU.Build.0 = Release|Any CPU
		{83CD7FF6-9666-4037-A0FA-CF193A5CA849}.Debug|Any CPU.ActiveCfg = Debug|Any CPU
		{83CD7FF6-9666-4037-A0FA-CF193A5CA849}.Debug|Any CPU.Build.0 = Debug|Any CPU
		{83CD7FF6-9666-4037-A0FA-CF193A5CA849}.Release|Any CPU.ActiveCfg = Release|Any CPU
		{83CD7FF6-9666-4037-A0FA-CF193A5CA849}.Release|Any CPU.Build.0 = Release|Any CPU
	EndGlobalSection
	GlobalSection(SolutionProperties) = preSolution
		HideSolutionNode = FALSE
	EndGlobalSection
	GlobalSection(ExtensibilityGlobals) = postSolution
		SolutionGuid = {27253947-7D4F-45FE-B383-BC221B7A8CFA}
	EndGlobalSection
EndGlobal
